{
  "pins" : [
    {
      "identity" : "alamofire",
      "kind" : "remoteSourceControl",
      "location" : "https://github.com/Alamofire/Alamofire",
      "state" : {
        "revision" : "d120af1e8638c7da36c8481fd61a66c0c08dc4fc",
        "version" : "5.4.4"
      }
    },
    {
      "identity" : "sdwebimage",
      "kind" : "remoteSourceControl",
      "location" : "https://github.com/SDWebImage/SDWebImage",
      "state" : {
        "revision" : "2c53f531f1bedd253f55d85105409c28ed4a922c",
        "version" : "5.12.3"
      }
    },
    {
      "identity" : "youtubekit",
      "kind" : "remoteSourceControl",
      "location" : "http://github.com/alexeichhorn/YouTubeKit",
      "state" : {
        "branch" : "main",
        "revision" : "b560b85039512ed4d1bf0bce52300afcbeacfba9"
      }
    }
  ],
  "version" : 2
}
