{
  "object": {
    "pins": [
      {
        "package": "Alamofire",
        "repositoryURL": "https://github.com/Alamofire/Alamofire",
        "state": {
          "branch": null,
          "revision": "d120af1e8638c7da36c8481fd61a66c0c08dc4fc",
          "version": "5.4.4"
        }
      },
      {
        "package": "SDWebImage",
        "repositoryURL": "https://github.com/SDWebImage/SDWebImage.git",
        "state": {
          "branch": null,
          "revision": "2c53f531f1bedd253f55d85105409c28ed4a922c",
          "version": "5.12.3"
        }
      },
      {
        "package": "YouTubeKit",
        "repositoryURL": "http://github.com/alexeichhorn/YouTubeKit",
        "state": {
          "branch": "main",
          "revision": "51d08d5f4a0b26ea61004ca5aca260150a16af9d",
          "version": null
        }
      }
    ]
  },
  "version": 1
}
