// !$*UTF8*$!
{
	archiveVersion = 1;
	classes = {
	};
	objectVersion = 55;
	objects = {

/* Begin PBXBuildFile section */
		AA04857827C02BA500A02BAD /* Interface.storyboard in Resources */ = {isa = PBXBuildFile; fileRef = AA04857627C02BA500A02BAD /* Interface.storyboard */; };
		AA04857A27C02BA700A02BAD /* Assets.xcassets in Resources */ = {isa = PBXBuildFile; fileRef = AA04857927C02BA700A02BAD /* Assets.xcassets */; };
		AA04858027C02BA700A02BAD /* WatchTube WatchKit Extension.appex in Embed App Extensions */ = {isa = PBXBuildFile; fileRef = AA04857F27C02BA700A02BAD /* WatchTube WatchKit Extension.appex */; settings = {ATTRIBUTES = (RemoveHeadersOnCopy, ); }; };
		AA04858727C02BA700A02BAD /* ExtensionDelegate.swift in Sources */ = {isa = PBXBuildFile; fileRef = AA04858627C02BA700A02BAD /* ExtensionDelegate.swift */; };
		AA04858927C02BA700A02BAD /* NotificationController.swift in Sources */ = {isa = PBXBuildFile; fileRef = AA04858827C02BA700A02BAD /* NotificationController.swift */; };
		AA04858B27C02BA700A02BAD /* ComplicationController.swift in Sources */ = {isa = PBXBuildFile; fileRef = AA04858A27C02BA700A02BAD /* ComplicationController.swift */; };
		AA04858D27C02BA900A02BAD /* Assets.xcassets in Resources */ = {isa = PBXBuildFile; fileRef = AA04858C27C02BA900A02BAD /* Assets.xcassets */; };
		AA2605E127C03B1B00FAE672 /* YouTubeKit in Frameworks */ = {isa = PBXBuildFile; productRef = AA2605E027C03B1B00FAE672 /* YouTubeKit */; };
		AA2605E327C03B1B00FAE672 /* SDWebImage in Frameworks */ = {isa = PBXBuildFile; productRef = AA2605E227C03B1B00FAE672 /* SDWebImage */; };
		AA2605E527C03B1B00FAE672 /* Alamofire in Frameworks */ = {isa = PBXBuildFile; productRef = AA2605E427C03B1B00FAE672 /* Alamofire */; };
		AA26060927C0412600FAE672 /* WatchTubeApp.swift in Sources */ = {isa = PBXBuildFile; fileRef = AA26060827C0412600FAE672 /* WatchTubeApp.swift */; };
		AA26060B27C0412600FAE672 /* ContentView.swift in Sources */ = {isa = PBXBuildFile; fileRef = AA26060A27C0412600FAE672 /* ContentView.swift */; };
		AA26060D27C0412800FAE672 /* Assets.xcassets in Resources */ = {isa = PBXBuildFile; fileRef = AA26060C27C0412800FAE672 /* Assets.xcassets */; };
		AA26061027C0412800FAE672 /* Preview Assets.xcassets in Resources */ = {isa = PBXBuildFile; fileRef = AA26060F27C0412800FAE672 /* Preview Assets.xcassets */; };
		AA26061427C0413A00FAE672 /* WatchTube WatchKit App.app in Embed Watch Content */ = {isa = PBXBuildFile; fileRef = AA04857127C02BA500A02BAD /* WatchTube WatchKit App.app */; settings = {ATTRIBUTES = (RemoveHeadersOnCopy, ); }; };
		AA7B3BBA27C0359700C7703B /* maxresdefault.jpg in Resources */ = {isa = PBXBuildFile; fileRef = AA7B3BB827C0359700C7703B /* maxresdefault.jpg */; };
		AA7B3BBB27C0359700C7703B /* pfp.jpg in Resources */ = {isa = PBXBuildFile; fileRef = AA7B3BB927C0359700C7703B /* pfp.jpg */; };
		AA7B3BC427C0363000C7703B /* VideoTableRow.swift in Sources */ = {isa = PBXBuildFile; fileRef = AA7B3BBE27C0363000C7703B /* VideoTableRow.swift */; };
		AA7B3BC527C0363000C7703B /* PlaylistTableRow.swift in Sources */ = {isa = PBXBuildFile; fileRef = AA7B3BBF27C0363000C7703B /* PlaylistTableRow.swift */; };
		AA7B3BC627C0363000C7703B /* SubPlaylistTableRow.swift in Sources */ = {isa = PBXBuildFile; fileRef = AA7B3BC027C0363000C7703B /* SubPlaylistTableRow.swift */; };
		AA7B3BC727C0363000C7703B /* TrendingTableRow.swift in Sources */ = {isa = PBXBuildFile; fileRef = AA7B3BC127C0363000C7703B /* TrendingTableRow.swift */; };
		AA7B3BC827C0363000C7703B /* ChannelsTableRow.swift in Sources */ = {isa = PBXBuildFile; fileRef = AA7B3BC227C0363000C7703B /* ChannelsTableRow.swift */; };
		AA7B3BC927C0363000C7703B /* ChannelTableRow.swift in Sources */ = {isa = PBXBuildFile; fileRef = AA7B3BC327C0363000C7703B /* ChannelTableRow.swift */; };
		AA7B3BD027C036A100C7703B /* InterfaceController.swift in Sources */ = {isa = PBXBuildFile; fileRef = AA7B3BCE27C036A100C7703B /* InterfaceController.swift */; };
		AA7B3BD127C036A100C7703B /* MenuInterfaceController.swift in Sources */ = {isa = PBXBuildFile; fileRef = AA7B3BCF27C036A100C7703B /* MenuInterfaceController.swift */; };
		AA7B3BD327C036B100C7703B /* SettingsInterfaceController.swift in Sources */ = {isa = PBXBuildFile; fileRef = AA7B3BD227C036B100C7703B /* SettingsInterfaceController.swift */; };
		AA7B3BDA27C0371B00C7703B /* SubInfoInterfaceController.swift in Sources */ = {isa = PBXBuildFile; fileRef = AA7B3BD827C0371B00C7703B /* SubInfoInterfaceController.swift */; };
		AA7B3BDB27C0371B00C7703B /* InfoInterfaceController.swift in Sources */ = {isa = PBXBuildFile; fileRef = AA7B3BD927C0371B00C7703B /* InfoInterfaceController.swift */; };
		AA7B3BDD27C0373D00C7703B /* VideoListInterfaceController.swift in Sources */ = {isa = PBXBuildFile; fileRef = AA7B3BDC27C0373D00C7703B /* VideoListInterfaceController.swift */; };
		AA7B3BE327C0378C00C7703B /* ChannelViewInterfaceController.swift in Sources */ = {isa = PBXBuildFile; fileRef = AA7B3BE227C0378C00C7703B /* ChannelViewInterfaceController.swift */; };
		AA7B3BE527C0379D00C7703B /* ChannelDetailsInterfaceController.swift in Sources */ = {isa = PBXBuildFile; fileRef = AA7B3BE427C0379D00C7703B /* ChannelDetailsInterfaceController.swift */; };
		AA7B3BE727C037CD00C7703B /* RelatedChannelsInterfaceController.swift in Sources */ = {isa = PBXBuildFile; fileRef = AA7B3BE627C037CD00C7703B /* RelatedChannelsInterfaceController.swift */; };
		AA7B3BE927C037D900C7703B /* ProfileViewInterfaceController.swift in Sources */ = {isa = PBXBuildFile; fileRef = AA7B3BE827C037D900C7703B /* ProfileViewInterfaceController.swift */; };
		AA7B3BED27C0380000C7703B /* PlaylistInterfaceController.swift in Sources */ = {isa = PBXBuildFile; fileRef = AA7B3BEC27C0380000C7703B /* PlaylistInterfaceController.swift */; };
		AA7B3BEF27C0380C00C7703B /* SubPlaylistInterfaceController.swift in Sources */ = {isa = PBXBuildFile; fileRef = AA7B3BEE27C0380C00C7703B /* SubPlaylistInterfaceController.swift */; };
		AA7B3BF427C0384C00C7703B /* hlsPlayer.swift in Sources */ = {isa = PBXBuildFile; fileRef = AA7B3BF227C0384C00C7703B /* hlsPlayer.swift */; };
		AA7B3BF527C0384C00C7703B /* playerView.swift in Sources */ = {isa = PBXBuildFile; fileRef = AA7B3BF327C0384C00C7703B /* playerView.swift */; };
		AA7B3BF727C0385B00C7703B /* NowPlayingInterfaceContoller.swift in Sources */ = {isa = PBXBuildFile; fileRef = AA7B3BF627C0385B00C7703B /* NowPlayingInterfaceContoller.swift */; };
		AA7B3BFC27C038C400C7703B /* Settings.swift in Sources */ = {isa = PBXBuildFile; fileRef = AA7B3BFA27C038C400C7703B /* Settings.swift */; };
		AA7B3BFD27C038C400C7703B /* Video.swift in Sources */ = {isa = PBXBuildFile; fileRef = AA7B3BFB27C038C400C7703B /* Video.swift */; };
		AA7B3C0127C038D600C7703B /* Misc.swift in Sources */ = {isa = PBXBuildFile; fileRef = AA7B3BFF27C038D600C7703B /* Misc.swift */; };
		AA7B3C0227C038D600C7703B /* MetadataCache.swift in Sources */ = {isa = PBXBuildFile; fileRef = AA7B3C0027C038D600C7703B /* MetadataCache.swift */; };
		AA9ED75427C051A800670116 /* Assets.xcassets in Resources */ = {isa = PBXBuildFile; fileRef = AA9ED75327C051A800670116 /* Assets.xcassets */; };
/* End PBXBuildFile section */

/* Begin PBXContainerItemProxy section */
		AA04858127C02BA700A02BAD /* PBXContainerItemProxy */ = {
			isa = PBXContainerItemProxy;
			containerPortal = AA04855527C02BA100A02BAD /* Project object */;
			proxyType = 1;
			remoteGlobalIDString = AA04857E27C02BA700A02BAD;
			remoteInfo = "WatchTube WatchKit Extension";
		};
		AA26061527C0413A00FAE672 /* PBXContainerItemProxy */ = {
			isa = PBXContainerItemProxy;
			containerPortal = AA04855527C02BA100A02BAD /* Project object */;
			proxyType = 1;
			remoteGlobalIDString = AA04857027C02BA500A02BAD;
			remoteInfo = "WatchTube WatchKit App";
		};
/* End PBXContainerItemProxy section */

/* Begin PBXCopyFilesBuildPhase section */
		AA04859527C02BA900A02BAD /* Embed App Extensions */ = {
			isa = PBXCopyFilesBuildPhase;
			buildActionMask = 2147483647;
			dstPath = "";
			dstSubfolderSpec = 13;
			files = (
				AA04858027C02BA700A02BAD /* WatchTube WatchKit Extension.appex in Embed App Extensions */,
			);
			name = "Embed App Extensions";
			runOnlyForDeploymentPostprocessing = 0;
		};
		AA26061727C0413B00FAE672 /* Embed Watch Content */ = {
			isa = PBXCopyFilesBuildPhase;
			buildActionMask = 2147483647;
			dstPath = "$(CONTENTS_FOLDER_PATH)/Watch";
			dstSubfolderSpec = 16;
			files = (
				AA26061427C0413A00FAE672 /* WatchTube WatchKit App.app in Embed Watch Content */,
			);
			name = "Embed Watch Content";
			runOnlyForDeploymentPostprocessing = 0;
		};
/* End PBXCopyFilesBuildPhase section */

/* Begin PBXFileReference section */
		AA04856027C02BA100A02BAD /* AppDelegate.swift */ = {isa = PBXFileReference; lastKnownFileType = sourcecode.swift; path = AppDelegate.swift; sourceTree = "<group>"; };
		AA04856227C02BA100A02BAD /* SceneDelegate.swift */ = {isa = PBXFileReference; lastKnownFileType = sourcecode.swift; path = SceneDelegate.swift; sourceTree = "<group>"; };
		AA04856C27C02BA500A02BAD /* Base */ = {isa = PBXFileReference; lastKnownFileType = file.storyboard; name = Base; path = Base.lproj/LaunchScreen.storyboard; sourceTree = "<group>"; };
		AA04856E27C02BA500A02BAD /* Info.plist */ = {isa = PBXFileReference; lastKnownFileType = text.plist.xml; path = Info.plist; sourceTree = "<group>"; };
		AA04857127C02BA500A02BAD /* WatchTube WatchKit App.app */ = {isa = PBXFileReference; explicitFileType = wrapper.application; includeInIndex = 0; path = "WatchTube WatchKit App.app"; sourceTree = BUILT_PRODUCTS_DIR; };
		AA04857727C02BA500A02BAD /* Base */ = {isa = PBXFileReference; lastKnownFileType = file.storyboard; name = Base; path = Base.lproj/Interface.storyboard; sourceTree = "<group>"; };
		AA04857927C02BA700A02BAD /* Assets.xcassets */ = {isa = PBXFileReference; lastKnownFileType = folder.assetcatalog; path = Assets.xcassets; sourceTree = "<group>"; };
		AA04857F27C02BA700A02BAD /* WatchTube WatchKit Extension.appex */ = {isa = PBXFileReference; explicitFileType = "wrapper.app-extension"; includeInIndex = 0; path = "WatchTube WatchKit Extension.appex"; sourceTree = BUILT_PRODUCTS_DIR; };
		AA04858627C02BA700A02BAD /* ExtensionDelegate.swift */ = {isa = PBXFileReference; lastKnownFileType = sourcecode.swift; path = ExtensionDelegate.swift; sourceTree = "<group>"; };
		AA04858827C02BA700A02BAD /* NotificationController.swift */ = {isa = PBXFileReference; lastKnownFileType = sourcecode.swift; path = NotificationController.swift; sourceTree = "<group>"; };
		AA04858A27C02BA700A02BAD /* ComplicationController.swift */ = {isa = PBXFileReference; lastKnownFileType = sourcecode.swift; path = ComplicationController.swift; sourceTree = "<group>"; };
		AA04858C27C02BA900A02BAD /* Assets.xcassets */ = {isa = PBXFileReference; lastKnownFileType = folder.assetcatalog; path = Assets.xcassets; sourceTree = "<group>"; };
		AA04858E27C02BA900A02BAD /* Info.plist */ = {isa = PBXFileReference; lastKnownFileType = text.plist.xml; path = Info.plist; sourceTree = "<group>"; };
		AA04858F27C02BA900A02BAD /* PushNotificationPayload.apns */ = {isa = PBXFileReference; lastKnownFileType = text; path = PushNotificationPayload.apns; sourceTree = "<group>"; };
		AA2605E627C03F1C00FAE672 /* ContentView.swift */ = {isa = PBXFileReference; lastKnownFileType = sourcecode.swift; path = ContentView.swift; sourceTree = "<group>"; };
		AA26060627C0412600FAE672 /* WatchTube.app */ = {isa = PBXFileReference; explicitFileType = wrapper.application; includeInIndex = 0; path = WatchTube.app; sourceTree = BUILT_PRODUCTS_DIR; };
		AA26060827C0412600FAE672 /* WatchTubeApp.swift */ = {isa = PBXFileReference; lastKnownFileType = sourcecode.swift; path = WatchTubeApp.swift; sourceTree = "<group>"; };
		AA26060C27C0412800FAE672 /* Assets.xcassets */ = {isa = PBXFileReference; lastKnownFileType = folder.assetcatalog; path = Assets.xcassets; sourceTree = "<group>"; };
		AA26060F27C0412800FAE672 /* Preview Assets.xcassets */ = {isa = PBXFileReference; lastKnownFileType = folder.assetcatalog; path = "Preview Assets.xcassets"; sourceTree = "<group>"; };
		AA7B3BB827C0359700C7703B /* maxresdefault.jpg */ = {isa = PBXFileReference; lastKnownFileType = image.jpeg; path = maxresdefault.jpg; sourceTree = "<group>"; };
		AA7B3BB927C0359700C7703B /* pfp.jpg */ = {isa = PBXFileReference; lastKnownFileType = image.jpeg; path = pfp.jpg; sourceTree = "<group>"; };
		AA7B3BBE27C0363000C7703B /* VideoTableRow.swift */ = {isa = PBXFileReference; fileEncoding = 4; lastKnownFileType = sourcecode.swift; path = VideoTableRow.swift; sourceTree = "<group>"; };
		AA7B3BBF27C0363000C7703B /* PlaylistTableRow.swift */ = {isa = PBXFileReference; fileEncoding = 4; lastKnownFileType = sourcecode.swift; path = PlaylistTableRow.swift; sourceTree = "<group>"; };
		AA7B3BC027C0363000C7703B /* SubPlaylistTableRow.swift */ = {isa = PBXFileReference; fileEncoding = 4; lastKnownFileType = sourcecode.swift; path = SubPlaylistTableRow.swift; sourceTree = "<group>"; };
		AA7B3BC127C0363000C7703B /* TrendingTableRow.swift */ = {isa = PBXFileReference; fileEncoding = 4; lastKnownFileType = sourcecode.swift; path = TrendingTableRow.swift; sourceTree = "<group>"; };
		AA7B3BC227C0363000C7703B /* ChannelsTableRow.swift */ = {isa = PBXFileReference; fileEncoding = 4; lastKnownFileType = sourcecode.swift; path = ChannelsTableRow.swift; sourceTree = "<group>"; };
		AA7B3BC327C0363000C7703B /* ChannelTableRow.swift */ = {isa = PBXFileReference; fileEncoding = 4; lastKnownFileType = sourcecode.swift; path = ChannelTableRow.swift; sourceTree = "<group>"; };
		AA7B3BCE27C036A100C7703B /* InterfaceController.swift */ = {isa = PBXFileReference; fileEncoding = 4; lastKnownFileType = sourcecode.swift; path = InterfaceController.swift; sourceTree = "<group>"; };
		AA7B3BCF27C036A100C7703B /* MenuInterfaceController.swift */ = {isa = PBXFileReference; fileEncoding = 4; lastKnownFileType = sourcecode.swift; path = MenuInterfaceController.swift; sourceTree = "<group>"; };
		AA7B3BD227C036B100C7703B /* SettingsInterfaceController.swift */ = {isa = PBXFileReference; fileEncoding = 4; lastKnownFileType = sourcecode.swift; path = SettingsInterfaceController.swift; sourceTree = "<group>"; };
		AA7B3BD827C0371B00C7703B /* SubInfoInterfaceController.swift */ = {isa = PBXFileReference; fileEncoding = 4; lastKnownFileType = sourcecode.swift; path = SubInfoInterfaceController.swift; sourceTree = "<group>"; };
		AA7B3BD927C0371B00C7703B /* InfoInterfaceController.swift */ = {isa = PBXFileReference; fileEncoding = 4; lastKnownFileType = sourcecode.swift; path = InfoInterfaceController.swift; sourceTree = "<group>"; };
		AA7B3BDC27C0373D00C7703B /* VideoListInterfaceController.swift */ = {isa = PBXFileReference; fileEncoding = 4; lastKnownFileType = sourcecode.swift; path = VideoListInterfaceController.swift; sourceTree = "<group>"; };
		AA7B3BE227C0378C00C7703B /* ChannelViewInterfaceController.swift */ = {isa = PBXFileReference; fileEncoding = 4; lastKnownFileType = sourcecode.swift; path = ChannelViewInterfaceController.swift; sourceTree = "<group>"; };
		AA7B3BE427C0379D00C7703B /* ChannelDetailsInterfaceController.swift */ = {isa = PBXFileReference; fileEncoding = 4; lastKnownFileType = sourcecode.swift; path = ChannelDetailsInterfaceController.swift; sourceTree = "<group>"; };
		AA7B3BE627C037CD00C7703B /* RelatedChannelsInterfaceController.swift */ = {isa = PBXFileReference; fileEncoding = 4; lastKnownFileType = sourcecode.swift; path = RelatedChannelsInterfaceController.swift; sourceTree = "<group>"; };
		AA7B3BE827C037D900C7703B /* ProfileViewInterfaceController.swift */ = {isa = PBXFileReference; fileEncoding = 4; lastKnownFileType = sourcecode.swift; path = ProfileViewInterfaceController.swift; sourceTree = "<group>"; };
		AA7B3BEC27C0380000C7703B /* PlaylistInterfaceController.swift */ = {isa = PBXFileReference; fileEncoding = 4; lastKnownFileType = sourcecode.swift; path = PlaylistInterfaceController.swift; sourceTree = "<group>"; };
		AA7B3BEE27C0380C00C7703B /* SubPlaylistInterfaceController.swift */ = {isa = PBXFileReference; fileEncoding = 4; lastKnownFileType = sourcecode.swift; path = SubPlaylistInterfaceController.swift; sourceTree = "<group>"; };
		AA7B3BF227C0384C00C7703B /* hlsPlayer.swift */ = {isa = PBXFileReference; fileEncoding = 4; lastKnownFileType = sourcecode.swift; path = hlsPlayer.swift; sourceTree = "<group>"; };
		AA7B3BF327C0384C00C7703B /* playerView.swift */ = {isa = PBXFileReference; fileEncoding = 4; lastKnownFileType = sourcecode.swift; path = playerView.swift; sourceTree = "<group>"; };
		AA7B3BF627C0385B00C7703B /* NowPlayingInterfaceContoller.swift */ = {isa = PBXFileReference; fileEncoding = 4; lastKnownFileType = sourcecode.swift; path = NowPlayingInterfaceContoller.swift; sourceTree = "<group>"; };
		AA7B3BFA27C038C400C7703B /* Settings.swift */ = {isa = PBXFileReference; fileEncoding = 4; lastKnownFileType = sourcecode.swift; path = Settings.swift; sourceTree = "<group>"; };
		AA7B3BFB27C038C400C7703B /* Video.swift */ = {isa = PBXFileReference; fileEncoding = 4; lastKnownFileType = sourcecode.swift; path = Video.swift; sourceTree = "<group>"; };
		AA7B3BFF27C038D600C7703B /* Misc.swift */ = {isa = PBXFileReference; fileEncoding = 4; lastKnownFileType = sourcecode.swift; path = Misc.swift; sourceTree = "<group>"; };
		AA7B3C0027C038D600C7703B /* MetadataCache.swift */ = {isa = PBXFileReference; fileEncoding = 4; lastKnownFileType = sourcecode.swift; path = MetadataCache.swift; sourceTree = "<group>"; };
		AA9ED75327C051A800670116 /* Assets.xcassets */ = {isa = PBXFileReference; lastKnownFileType = folder.assetcatalog; path = Assets.xcassets; sourceTree = "<group>"; };
/* End PBXFileReference section */

/* Begin PBXFrameworksBuildPhase section */
		AA04857C27C02BA700A02BAD /* Frameworks */ = {
			isa = PBXFrameworksBuildPhase;
			buildActionMask = 2147483647;
			files = (
				AA2605E527C03B1B00FAE672 /* Alamofire in Frameworks */,
				AA2605E327C03B1B00FAE672 /* SDWebImage in Frameworks */,
				AA2605E127C03B1B00FAE672 /* YouTubeKit in Frameworks */,
			);
			runOnlyForDeploymentPostprocessing = 0;
		};
		AA26060327C0412600FAE672 /* Frameworks */ = {
			isa = PBXFrameworksBuildPhase;
			buildActionMask = 2147483647;
			files = (
			);
			runOnlyForDeploymentPostprocessing = 0;
		};
/* End PBXFrameworksBuildPhase section */

/* Begin PBXGroup section */
		AA04855427C02BA100A02BAD = {
			isa = PBXGroup;
			children = (
				AA04855F27C02BA100A02BAD /* WatchTube */,
				AA04857527C02BA500A02BAD /* WatchTube WatchKit App */,
				AA04858327C02BA700A02BAD /* WatchTube WatchKit Extension */,
				AA04855E27C02BA100A02BAD /* Products */,
				AA2605DF27C03B1B00FAE672 /* Frameworks */,
			);
			sourceTree = "<group>";
		};
		AA04855E27C02BA100A02BAD /* Products */ = {
			isa = PBXGroup;
			children = (
				AA04857127C02BA500A02BAD /* WatchTube WatchKit App.app */,
				AA04857F27C02BA700A02BAD /* WatchTube WatchKit Extension.appex */,
				AA26060627C0412600FAE672 /* WatchTube.app */,
			);
			name = Products;
			sourceTree = "<group>";
		};
		AA04855F27C02BA100A02BAD /* WatchTube */ = {
			isa = PBXGroup;
			children = (
				AA9ED75327C051A800670116 /* Assets.xcassets */,
				AA26060827C0412600FAE672 /* WatchTubeApp.swift */,
				AA04856027C02BA100A02BAD /* AppDelegate.swift */,
				AA04856227C02BA100A02BAD /* SceneDelegate.swift */,
				AA2605E627C03F1C00FAE672 /* ContentView.swift */,
				AA04856B27C02BA500A02BAD /* LaunchScreen.storyboard */,
				AA04856E27C02BA500A02BAD /* Info.plist */,
				AA26060E27C0412800FAE672 /* Preview Content */,
			);
			path = WatchTube;
			sourceTree = "<group>";
		};
		AA04857527C02BA500A02BAD /* WatchTube WatchKit App */ = {
			isa = PBXGroup;
			children = (
				AA7B3BB827C0359700C7703B /* maxresdefault.jpg */,
				AA7B3BB927C0359700C7703B /* pfp.jpg */,
				AA04857627C02BA500A02BAD /* Interface.storyboard */,
				AA04857927C02BA700A02BAD /* Assets.xcassets */,
			);
			path = "WatchTube WatchKit App";
			sourceTree = "<group>";
		};
		AA04858327C02BA700A02BAD /* WatchTube WatchKit Extension */ = {
			isa = PBXGroup;
			children = (
				AA7B3BF827C0388800C7703B /* Models */,
				AA7B3BBC27C035C900C7703B /* Views */,
				AA7B3BB727C033AC00C7703B /* Scenes */,
				AA04858627C02BA700A02BAD /* ExtensionDelegate.swift */,
				AA04858827C02BA700A02BAD /* NotificationController.swift */,
				AA04858A27C02BA700A02BAD /* ComplicationController.swift */,
				AA04858C27C02BA900A02BAD /* Assets.xcassets */,
				AA04858E27C02BA900A02BAD /* Info.plist */,
				AA04858F27C02BA900A02BAD /* PushNotificationPayload.apns */,
			);
			path = "WatchTube WatchKit Extension";
			sourceTree = "<group>";
		};
		AA2605DF27C03B1B00FAE672 /* Frameworks */ = {
			isa = PBXGroup;
			children = (
			);
			name = Frameworks;
			sourceTree = "<group>";
		};
		AA26060E27C0412800FAE672 /* Preview Content */ = {
			isa = PBXGroup;
			children = (
				AA26060F27C0412800FAE672 /* Preview Assets.xcassets */,
			);
			path = "Preview Content";
			sourceTree = "<group>";
		};
		AA7B3BB727C033AC00C7703B /* Scenes */ = {
			isa = PBXGroup;
			children = (
				AA7B3BCC27C0366B00C7703B /* Home */,
				AA7B3BCD27C0367000C7703B /* Settings */,
				AA7B3BCB27C0366200C7703B /* Content */,
				AA7B3BCA27C0365D00C7703B /* Players */,
			);
			path = Scenes;
			sourceTree = "<group>";
		};
		AA7B3BBC27C035C900C7703B /* Views */ = {
			isa = PBXGroup;
			children = (
				AA7B3BC227C0363000C7703B /* ChannelsTableRow.swift */,
				AA7B3BC327C0363000C7703B /* ChannelTableRow.swift */,
				AA7B3BBF27C0363000C7703B /* PlaylistTableRow.swift */,
				AA7B3BC027C0363000C7703B /* SubPlaylistTableRow.swift */,
				AA7B3BC127C0363000C7703B /* TrendingTableRow.swift */,
				AA7B3BBE27C0363000C7703B /* VideoTableRow.swift */,
			);
			path = Views;
			sourceTree = "<group>";
		};
		AA7B3BCA27C0365D00C7703B /* Players */ = {
			isa = PBXGroup;
			children = (
				AA7B3BF027C0382200C7703B /* Preload */,
				AA7B3BF127C0382800C7703B /* Player */,
			);
			path = Players;
			sourceTree = "<group>";
		};
		AA7B3BCB27C0366200C7703B /* Content */ = {
			isa = PBXGroup;
			children = (
				AA7B3BD727C036FA00C7703B /* Info */,
				AA7B3BD627C036F600C7703B /* Search */,
				AA7B3BD527C036F100C7703B /* Channel */,
				AA7B3BD427C036EB00C7703B /* Playlist */,
			);
			path = Content;
			sourceTree = "<group>";
		};
		AA7B3BCC27C0366B00C7703B /* Home */ = {
			isa = PBXGroup;
			children = (
				AA7B3BCE27C036A100C7703B /* InterfaceController.swift */,
				AA7B3BCF27C036A100C7703B /* MenuInterfaceController.swift */,
			);
			path = Home;
			sourceTree = "<group>";
		};
		AA7B3BCD27C0367000C7703B /* Settings */ = {
			isa = PBXGroup;
			children = (
				AA7B3BD227C036B100C7703B /* SettingsInterfaceController.swift */,
			);
			path = Settings;
			sourceTree = "<group>";
		};
		AA7B3BD427C036EB00C7703B /* Playlist */ = {
			isa = PBXGroup;
			children = (
				AA7B3BEA27C037E800C7703B /* Main */,
				AA7B3BEB27C037EC00C7703B /* Sub */,
			);
			path = Playlist;
			sourceTree = "<group>";
		};
		AA7B3BD527C036F100C7703B /* Channel */ = {
			isa = PBXGroup;
			children = (
				AA7B3BDE27C0374F00C7703B /* Main */,
				AA7B3BDF27C0375300C7703B /* Details */,
				AA7B3BE027C0375A00C7703B /* Related Channels */,
				AA7B3BE127C0376200C7703B /* Profile Image */,
			);
			path = Channel;
			sourceTree = "<group>";
		};
		AA7B3BD627C036F600C7703B /* Search */ = {
			isa = PBXGroup;
			children = (
				AA7B3BDC27C0373D00C7703B /* VideoListInterfaceController.swift */,
			);
			path = Search;
			sourceTree = "<group>";
		};
		AA7B3BD727C036FA00C7703B /* Info */ = {
			isa = PBXGroup;
			children = (
				AA7B3BD927C0371B00C7703B /* InfoInterfaceController.swift */,
				AA7B3BD827C0371B00C7703B /* SubInfoInterfaceController.swift */,
			);
			path = Info;
			sourceTree = "<group>";
		};
		AA7B3BDE27C0374F00C7703B /* Main */ = {
			isa = PBXGroup;
			children = (
				AA7B3BE227C0378C00C7703B /* ChannelViewInterfaceController.swift */,
			);
			path = Main;
			sourceTree = "<group>";
		};
		AA7B3BDF27C0375300C7703B /* Details */ = {
			isa = PBXGroup;
			children = (
				AA7B3BE427C0379D00C7703B /* ChannelDetailsInterfaceController.swift */,
			);
			path = Details;
			sourceTree = "<group>";
		};
		AA7B3BE027C0375A00C7703B /* Related Channels */ = {
			isa = PBXGroup;
			children = (
				AA7B3BE627C037CD00C7703B /* RelatedChannelsInterfaceController.swift */,
			);
			path = "Related Channels";
			sourceTree = "<group>";
		};
		AA7B3BE127C0376200C7703B /* Profile Image */ = {
			isa = PBXGroup;
			children = (
				AA7B3BE827C037D900C7703B /* ProfileViewInterfaceController.swift */,
			);
			path = "Profile Image";
			sourceTree = "<group>";
		};
		AA7B3BEA27C037E800C7703B /* Main */ = {
			isa = PBXGroup;
			children = (
				AA7B3BEC27C0380000C7703B /* PlaylistInterfaceController.swift */,
			);
			path = Main;
			sourceTree = "<group>";
		};
		AA7B3BEB27C037EC00C7703B /* Sub */ = {
			isa = PBXGroup;
			children = (
				AA7B3BEE27C0380C00C7703B /* SubPlaylistInterfaceController.swift */,
			);
			path = Sub;
			sourceTree = "<group>";
		};
		AA7B3BF027C0382200C7703B /* Preload */ = {
			isa = PBXGroup;
			children = (
				AA7B3BF627C0385B00C7703B /* NowPlayingInterfaceContoller.swift */,
			);
			path = Preload;
			sourceTree = "<group>";
		};
		AA7B3BF127C0382800C7703B /* Player */ = {
			isa = PBXGroup;
			children = (
				AA7B3BF227C0384C00C7703B /* hlsPlayer.swift */,
				AA7B3BF327C0384C00C7703B /* playerView.swift */,
			);
			path = Player;
			sourceTree = "<group>";
		};
		AA7B3BF827C0388800C7703B /* Models */ = {
			isa = PBXGroup;
			children = (
				AA7B3BFE27C038C600C7703B /* Classes */,
				AA7B3BF927C0388D00C7703B /* Structures */,
			);
			path = Models;
			sourceTree = "<group>";
		};
		AA7B3BF927C0388D00C7703B /* Structures */ = {
			isa = PBXGroup;
			children = (
				AA7B3BFA27C038C400C7703B /* Settings.swift */,
				AA7B3BFB27C038C400C7703B /* Video.swift */,
			);
			path = Structures;
			sourceTree = "<group>";
		};
		AA7B3BFE27C038C600C7703B /* Classes */ = {
			isa = PBXGroup;
			children = (
				AA7B3C0027C038D600C7703B /* MetadataCache.swift */,
				AA7B3BFF27C038D600C7703B /* Misc.swift */,
			);
			path = Classes;
			sourceTree = "<group>";
		};
/* End PBXGroup section */

/* Begin PBXNativeTarget section */
		AA04857027C02BA500A02BAD /* WatchTube WatchKit App */ = {
			isa = PBXNativeTarget;
			buildConfigurationList = AA04859627C02BA900A02BAD /* Build configuration list for PBXNativeTarget "WatchTube WatchKit App" */;
			buildPhases = (
				AA04856F27C02BA500A02BAD /* Resources */,
				AA04859527C02BA900A02BAD /* Embed App Extensions */,
			);
			buildRules = (
			);
			dependencies = (
				AA04858227C02BA700A02BAD /* PBXTargetDependency */,
			);
			name = "WatchTube WatchKit App";
			productName = "WatchTube WatchKit App";
			productReference = AA04857127C02BA500A02BAD /* WatchTube WatchKit App.app */;
			productType = "com.apple.product-type.application.watchapp2";
		};
		AA04857E27C02BA700A02BAD /* WatchTube WatchKit Extension */ = {
			isa = PBXNativeTarget;
			buildConfigurationList = AA04859227C02BA900A02BAD /* Build configuration list for PBXNativeTarget "WatchTube WatchKit Extension" */;
			buildPhases = (
				AA04857B27C02BA700A02BAD /* Sources */,
				AA04857C27C02BA700A02BAD /* Frameworks */,
				AA04857D27C02BA700A02BAD /* Resources */,
			);
			buildRules = (
			);
			dependencies = (
			);
			name = "WatchTube WatchKit Extension";
			packageProductDependencies = (
				AA2605E027C03B1B00FAE672 /* YouTubeKit */,
				AA2605E227C03B1B00FAE672 /* SDWebImage */,
				AA2605E427C03B1B00FAE672 /* Alamofire */,
			);
			productName = "WatchTube WatchKit Extension";
			productReference = AA04857F27C02BA700A02BAD /* WatchTube WatchKit Extension.appex */;
			productType = "com.apple.product-type.watchkit2-extension";
		};
		AA26060527C0412600FAE672 /* WatchTube */ = {
			isa = PBXNativeTarget;
			buildConfigurationList = AA26061127C0412800FAE672 /* Build configuration list for PBXNativeTarget "WatchTube" */;
			buildPhases = (
				AA26060227C0412600FAE672 /* Sources */,
				AA26060327C0412600FAE672 /* Frameworks */,
				AA26060427C0412600FAE672 /* Resources */,
				AA26061727C0413B00FAE672 /* Embed Watch Content */,
			);
			buildRules = (
			);
			dependencies = (
				AA26061627C0413A00FAE672 /* PBXTargetDependency */,
			);
			name = WatchTube;
			productName = WatchTube;
			productReference = AA26060627C0412600FAE672 /* WatchTube.app */;
			productType = "com.apple.product-type.application";
		};
/* End PBXNativeTarget section */

/* Begin PBXProject section */
		AA04855527C02BA100A02BAD /* Project object */ = {
			isa = PBXProject;
			attributes = {
				BuildIndependentTargetsInParallel = 1;
				LastSwiftUpdateCheck = 1320;
				LastUpgradeCheck = 1320;
				TargetAttributes = {
					AA04857027C02BA500A02BAD = {
						CreatedOnToolsVersion = 13.2.1;
					};
					AA04857E27C02BA700A02BAD = {
						CreatedOnToolsVersion = 13.2.1;
					};
					AA26060527C0412600FAE672 = {
						CreatedOnToolsVersion = 13.2.1;
					};
				};
			};
			buildConfigurationList = AA04855827C02BA100A02BAD /* Build configuration list for PBXProject "WatchTube" */;
			compatibilityVersion = "Xcode 13.0";
			developmentRegion = en;
			hasScannedForEncodings = 0;
			knownRegions = (
				en,
				Base,
			);
			mainGroup = AA04855427C02BA100A02BAD;
			packageReferences = (
				AA7B3C0327C0396A00C7703B /* XCRemoteSwiftPackageReference "YouTubeKit" */,
				AA2605D927C03A9A00FAE672 /* XCRemoteSwiftPackageReference "SDWebImage" */,
				AA2605DC27C03AD900FAE672 /* XCRemoteSwiftPackageReference "Alamofire" */,
			);
			productRefGroup = AA04855E27C02BA100A02BAD /* Products */;
			projectDirPath = "";
			projectRoot = "";
			targets = (
				AA26060527C0412600FAE672 /* WatchTube */,
				AA04857027C02BA500A02BAD /* WatchTube WatchKit App */,
				AA04857E27C02BA700A02BAD /* WatchTube WatchKit Extension */,
			);
		};
/* End PBXProject section */

/* Begin PBXResourcesBuildPhase section */
		AA04856F27C02BA500A02BAD /* Resources */ = {
			isa = PBXResourcesBuildPhase;
			buildActionMask = 2147483647;
			files = (
				AA7B3BBB27C0359700C7703B /* pfp.jpg in Resources */,
				AA04857A27C02BA700A02BAD /* Assets.xcassets in Resources */,
				AA7B3BBA27C0359700C7703B /* maxresdefault.jpg in Resources */,
				AA04857827C02BA500A02BAD /* Interface.storyboard in Resources */,
			);
			runOnlyForDeploymentPostprocessing = 0;
		};
		AA04857D27C02BA700A02BAD /* Resources */ = {
			isa = PBXResourcesBuildPhase;
			buildActionMask = 2147483647;
			files = (
				AA04858D27C02BA900A02BAD /* Assets.xcassets in Resources */,
			);
			runOnlyForDeploymentPostprocessing = 0;
		};
		AA26060427C0412600FAE672 /* Resources */ = {
			isa = PBXResourcesBuildPhase;
			buildActionMask = 2147483647;
			files = (
				AA26061027C0412800FAE672 /* Preview Assets.xcassets in Resources */,
				AA26060D27C0412800FAE672 /* Assets.xcassets in Resources */,
			);
			runOnlyForDeploymentPostprocessing = 0;
		};
/* End PBXResourcesBuildPhase section */

/* Begin PBXSourcesBuildPhase section */
		AA04857B27C02BA700A02BAD /* Sources */ = {
			isa = PBXSourcesBuildPhase;
			buildActionMask = 2147483647;
			files = (
				AA7B3BEF27C0380C00C7703B /* SubPlaylistInterfaceController.swift in Sources */,
				AA7B3BC527C0363000C7703B /* PlaylistTableRow.swift in Sources */,
				AA7B3BDD27C0373D00C7703B /* VideoListInterfaceController.swift in Sources */,
				AA7B3C0127C038D600C7703B /* Misc.swift in Sources */,
				AA7B3BC727C0363000C7703B /* TrendingTableRow.swift in Sources */,
				AA7B3BD127C036A100C7703B /* MenuInterfaceController.swift in Sources */,
				AA04858927C02BA700A02BAD /* NotificationController.swift in Sources */,
				AA7B3BF427C0384C00C7703B /* hlsPlayer.swift in Sources */,
				AA7B3BED27C0380000C7703B /* PlaylistInterfaceController.swift in Sources */,
				AA7B3BC627C0363000C7703B /* SubPlaylistTableRow.swift in Sources */,
				AA7B3BFD27C038C400C7703B /* Video.swift in Sources */,
				AA7B3BFC27C038C400C7703B /* Settings.swift in Sources */,
				AA7B3BC427C0363000C7703B /* VideoTableRow.swift in Sources */,
				AA7B3BE527C0379D00C7703B /* ChannelDetailsInterfaceController.swift in Sources */,
				AA7B3BD027C036A100C7703B /* InterfaceController.swift in Sources */,
				AA7B3BE327C0378C00C7703B /* ChannelViewInterfaceController.swift in Sources */,
				AA7B3BC827C0363000C7703B /* ChannelsTableRow.swift in Sources */,
				AA7B3BC927C0363000C7703B /* ChannelTableRow.swift in Sources */,
				AA04858B27C02BA700A02BAD /* ComplicationController.swift in Sources */,
				AA7B3BF727C0385B00C7703B /* NowPlayingInterfaceContoller.swift in Sources */,
				AA7B3BF527C0384C00C7703B /* playerView.swift in Sources */,
				AA7B3BD327C036B100C7703B /* SettingsInterfaceController.swift in Sources */,
				AA7B3BDA27C0371B00C7703B /* SubInfoInterfaceController.swift in Sources */,
				AA04858727C02BA700A02BAD /* ExtensionDelegate.swift in Sources */,
				AA7B3BE927C037D900C7703B /* ProfileViewInterfaceController.swift in Sources */,
				AA7B3BDB27C0371B00C7703B /* InfoInterfaceController.swift in Sources */,
				AA7B3BE727C037CD00C7703B /* RelatedChannelsInterfaceController.swift in Sources */,
				AA7B3C0227C038D600C7703B /* MetadataCache.swift in Sources */,
			);
			runOnlyForDeploymentPostprocessing = 0;
		};
		AA26060227C0412600FAE672 /* Sources */ = {
			isa = PBXSourcesBuildPhase;
			buildActionMask = 2147483647;
			files = (
				AA26060B27C0412600FAE672 /* ContentView.swift in Sources */,
				AA26060927C0412600FAE672 /* WatchTubeApp.swift in Sources */,
			);
			runOnlyForDeploymentPostprocessing = 0;
		};
/* End PBXSourcesBuildPhase section */

/* Begin PBXTargetDependency section */
		AA04858227C02BA700A02BAD /* PBXTargetDependency */ = {
			isa = PBXTargetDependency;
			target = AA04857E27C02BA700A02BAD /* WatchTube WatchKit Extension */;
			targetProxy = AA04858127C02BA700A02BAD /* PBXContainerItemProxy */;
		};
		AA26061627C0413A00FAE672 /* PBXTargetDependency */ = {
			isa = PBXTargetDependency;
			target = AA04857027C02BA500A02BAD /* WatchTube WatchKit App */;
			targetProxy = AA26061527C0413A00FAE672 /* PBXContainerItemProxy */;
		};
/* End PBXTargetDependency section */

/* Begin PBXVariantGroup section */
		AA04856B27C02BA500A02BAD /* LaunchScreen.storyboard */ = {
			isa = PBXVariantGroup;
			children = (
				AA04856C27C02BA500A02BAD /* Base */,
			);
			name = LaunchScreen.storyboard;
			sourceTree = "<group>";
		};
		AA04857627C02BA500A02BAD /* Interface.storyboard */ = {
			isa = PBXVariantGroup;
			children = (
				AA04857727C02BA500A02BAD /* Base */,
			);
			name = Interface.storyboard;
			sourceTree = "<group>";
		};
/* End PBXVariantGroup section */

/* Begin XCBuildConfiguration section */
		AA04859027C02BA900A02BAD /* Debug */ = {
			isa = XCBuildConfiguration;
			buildSettings = {
				ALWAYS_SEARCH_USER_PATHS = NO;
				CLANG_ANALYZER_NONNULL = YES;
				CLANG_ANALYZER_NUMBER_OBJECT_CONVERSION = YES_AGGRESSIVE;
				CLANG_CXX_LANGUAGE_STANDARD = "gnu++17";
				CLANG_CXX_LIBRARY = "libc++";
				CLANG_ENABLE_MODULES = YES;
				CLANG_ENABLE_OBJC_ARC = YES;
				CLANG_ENABLE_OBJC_WEAK = YES;
				CLANG_WARN_BLOCK_CAPTURE_AUTORELEASING = YES;
				CLANG_WARN_BOOL_CONVERSION = YES;
				CLANG_WARN_COMMA = YES;
				CLANG_WARN_CONSTANT_CONVERSION = YES;
				CLANG_WARN_DEPRECATED_OBJC_IMPLEMENTATIONS = YES;
				CLANG_WARN_DIRECT_OBJC_ISA_USAGE = YES_ERROR;
				CLANG_WARN_DOCUMENTATION_COMMENTS = YES;
				CLANG_WARN_EMPTY_BODY = YES;
				CLANG_WARN_ENUM_CONVERSION = YES;
				CLANG_WARN_INFINITE_RECURSION = YES;
				CLANG_WARN_INT_CONVERSION = YES;
				CLANG_WARN_NON_LITERAL_NULL_CONVERSION = YES;
				CLANG_WARN_OBJC_IMPLICIT_RETAIN_SELF = YES;
				CLANG_WARN_OBJC_LITERAL_CONVERSION = YES;
				CLANG_WARN_OBJC_ROOT_CLASS = YES_ERROR;
				CLANG_WARN_QUOTED_INCLUDE_IN_FRAMEWORK_HEADER = YES;
				CLANG_WARN_RANGE_LOOP_ANALYSIS = YES;
				CLANG_WARN_STRICT_PROTOTYPES = YES;
				CLANG_WARN_SUSPICIOUS_MOVE = YES;
				CLANG_WARN_UNGUARDED_AVAILABILITY = YES_AGGRESSIVE;
				CLANG_WARN_UNREACHABLE_CODE = YES;
				CLANG_WARN__DUPLICATE_METHOD_MATCH = YES;
				COPY_PHASE_STRIP = NO;
				DEBUG_INFORMATION_FORMAT = dwarf;
				ENABLE_STRICT_OBJC_MSGSEND = YES;
				ENABLE_TESTABILITY = YES;
				GCC_C_LANGUAGE_STANDARD = gnu11;
				GCC_DYNAMIC_NO_PIC = NO;
				GCC_NO_COMMON_BLOCKS = YES;
				GCC_OPTIMIZATION_LEVEL = 0;
				GCC_PREPROCESSOR_DEFINITIONS = (
					"DEBUG=1",
					"$(inherited)",
				);
				GCC_WARN_64_TO_32_BIT_CONVERSION = YES;
				GCC_WARN_ABOUT_RETURN_TYPE = YES_ERROR;
				GCC_WARN_UNDECLARED_SELECTOR = YES;
				GCC_WARN_UNINITIALIZED_AUTOS = YES_AGGRESSIVE;
				GCC_WARN_UNUSED_FUNCTION = YES;
				GCC_WARN_UNUSED_VARIABLE = YES;
				MTL_ENABLE_DEBUG_INFO = INCLUDE_SOURCE;
				MTL_FAST_MATH = YES;
				ONLY_ACTIVE_ARCH = YES;
				SWIFT_ACTIVE_COMPILATION_CONDITIONS = DEBUG;
				SWIFT_OPTIMIZATION_LEVEL = "-Onone";
			};
			name = Debug;
		};
		AA04859127C02BA900A02BAD /* Release */ = {
			isa = XCBuildConfiguration;
			buildSettings = {
				ALWAYS_SEARCH_USER_PATHS = NO;
				CLANG_ANALYZER_NONNULL = YES;
				CLANG_ANALYZER_NUMBER_OBJECT_CONVERSION = YES_AGGRESSIVE;
				CLANG_CXX_LANGUAGE_STANDARD = "gnu++17";
				CLANG_CXX_LIBRARY = "libc++";
				CLANG_ENABLE_MODULES = YES;
				CLANG_ENABLE_OBJC_ARC = YES;
				CLANG_ENABLE_OBJC_WEAK = YES;
				CLANG_WARN_BLOCK_CAPTURE_AUTORELEASING = YES;
				CLANG_WARN_BOOL_CONVERSION = YES;
				CLANG_WARN_COMMA = YES;
				CLANG_WARN_CONSTANT_CONVERSION = YES;
				CLANG_WARN_DEPRECATED_OBJC_IMPLEMENTATIONS = YES;
				CLANG_WARN_DIRECT_OBJC_ISA_USAGE = YES_ERROR;
				CLANG_WARN_DOCUMENTATION_COMMENTS = YES;
				CLANG_WARN_EMPTY_BODY = YES;
				CLANG_WARN_ENUM_CONVERSION = YES;
				CLANG_WARN_INFINITE_RECURSION = YES;
				CLANG_WARN_INT_CONVERSION = YES;
				CLANG_WARN_NON_LITERAL_NULL_CONVERSION = YES;
				CLANG_WARN_OBJC_IMPLICIT_RETAIN_SELF = YES;
				CLANG_WARN_OBJC_LITERAL_CONVERSION = YES;
				CLANG_WARN_OBJC_ROOT_CLASS = YES_ERROR;
				CLANG_WARN_QUOTED_INCLUDE_IN_FRAMEWORK_HEADER = YES;
				CLANG_WARN_RANGE_LOOP_ANALYSIS = YES;
				CLANG_WARN_STRICT_PROTOTYPES = YES;
				CLANG_WARN_SUSPICIOUS_MOVE = YES;
				CLANG_WARN_UNGUARDED_AVAILABILITY = YES_AGGRESSIVE;
				CLANG_WARN_UNREACHABLE_CODE = YES;
				CLANG_WARN__DUPLICATE_METHOD_MATCH = YES;
				COPY_PHASE_STRIP = NO;
				DEBUG_INFORMATION_FORMAT = "dwarf-with-dsym";
				ENABLE_NS_ASSERTIONS = NO;
				ENABLE_STRICT_OBJC_MSGSEND = YES;
				GCC_C_LANGUAGE_STANDARD = gnu11;
				GCC_NO_COMMON_BLOCKS = YES;
				GCC_WARN_64_TO_32_BIT_CONVERSION = YES;
				GCC_WARN_ABOUT_RETURN_TYPE = YES_ERROR;
				GCC_WARN_UNDECLARED_SELECTOR = YES;
				GCC_WARN_UNINITIALIZED_AUTOS = YES_AGGRESSIVE;
				GCC_WARN_UNUSED_FUNCTION = YES;
				GCC_WARN_UNUSED_VARIABLE = YES;
				MTL_ENABLE_DEBUG_INFO = NO;
				MTL_FAST_MATH = YES;
				SWIFT_COMPILATION_MODE = wholemodule;
				SWIFT_OPTIMIZATION_LEVEL = "-O";
			};
			name = Release;
		};
		AA04859327C02BA900A02BAD /* Debug */ = {
			isa = XCBuildConfiguration;
			buildSettings = {
				ASSETCATALOG_COMPILER_COMPLICATION_NAME = Complication;
				CODE_SIGN_STYLE = Automatic;
				CURRENT_PROJECT_VERSION = 1;
				GENERATE_INFOPLIST_FILE = YES;
				INFOPLIST_FILE = "WatchTube WatchKit Extension/Info.plist";
				INFOPLIST_KEY_CFBundleDisplayName = WatchTube;
				INFOPLIST_KEY_CLKComplicationPrincipalClass = WatchTube_WatchKit_Extension.ComplicationController;
				INFOPLIST_KEY_NSHumanReadableCopyright = "";
				INFOPLIST_KEY_WKExtensionDelegateClassName = WatchTube_WatchKit_Extension.ExtensionDelegate;
				INFOPLIST_KEY_WKRunsIndependentlyOfCompanionApp = YES;
				LD_RUNPATH_SEARCH_PATHS = (
					"$(inherited)",
					"@executable_path/Frameworks",
					"@executable_path/../../Frameworks",
				);
				MARKETING_VERSION = 1.0;
				PRODUCT_BUNDLE_IDENTIFIER = com.llsc12.WatchTube.watchkitapp.watchkitextension;
				PRODUCT_NAME = "${TARGET_NAME}";
				SDKROOT = watchos;
				SKIP_INSTALL = YES;
				SWIFT_EMIT_LOC_STRINGS = YES;
				SWIFT_VERSION = 5.0;
				TARGETED_DEVICE_FAMILY = 4;
				WATCHOS_DEPLOYMENT_TARGET = 8.3;
			};
			name = Debug;
		};
		AA04859427C02BA900A02BAD /* Release */ = {
			isa = XCBuildConfiguration;
			buildSettings = {
				ASSETCATALOG_COMPILER_COMPLICATION_NAME = Complication;
				CODE_SIGN_STYLE = Automatic;
				CURRENT_PROJECT_VERSION = 1;
				GENERATE_INFOPLIST_FILE = YES;
				INFOPLIST_FILE = "WatchTube WatchKit Extension/Info.plist";
				INFOPLIST_KEY_CFBundleDisplayName = WatchTube;
				INFOPLIST_KEY_CLKComplicationPrincipalClass = WatchTube_WatchKit_Extension.ComplicationController;
				INFOPLIST_KEY_NSHumanReadableCopyright = "";
				INFOPLIST_KEY_WKExtensionDelegateClassName = WatchTube_WatchKit_Extension.ExtensionDelegate;
				INFOPLIST_KEY_WKRunsIndependentlyOfCompanionApp = YES;
				LD_RUNPATH_SEARCH_PATHS = (
					"$(inherited)",
					"@executable_path/Frameworks",
					"@executable_path/../../Frameworks",
				);
				MARKETING_VERSION = 1.0;
				PRODUCT_BUNDLE_IDENTIFIER = com.llsc12.WatchTube.watchkitapp.watchkitextension;
				PRODUCT_NAME = "${TARGET_NAME}";
				SDKROOT = watchos;
				SKIP_INSTALL = YES;
				SWIFT_EMIT_LOC_STRINGS = YES;
				SWIFT_VERSION = 5.0;
				TARGETED_DEVICE_FAMILY = 4;
				VALIDATE_PRODUCT = YES;
				WATCHOS_DEPLOYMENT_TARGET = 8.3;
			};
			name = Release;
		};
		AA04859727C02BA900A02BAD /* Debug */ = {
			isa = XCBuildConfiguration;
			buildSettings = {
				ALWAYS_EMBED_SWIFT_STANDARD_LIBRARIES = YES;
				ASSETCATALOG_COMPILER_APPICON_NAME = AppIcon;
				ASSETCATALOG_COMPILER_GLOBAL_ACCENT_COLOR_NAME = AccentColor;
				CODE_SIGN_STYLE = Automatic;
				CURRENT_PROJECT_VERSION = 1;
				GENERATE_INFOPLIST_FILE = YES;
				IBSC_MODULE = WatchTube_WatchKit_Extension;
				INFOPLIST_KEY_UISupportedInterfaceOrientations = "UIInterfaceOrientationPortrait UIInterfaceOrientationPortraitUpsideDown";
				INFOPLIST_KEY_WKCompanionAppBundleIdentifier = com.llsc12.WatchTube;
				MARKETING_VERSION = 1.0;
				PRODUCT_BUNDLE_IDENTIFIER = com.llsc12.WatchTube.watchkitapp;
				PRODUCT_NAME = "WatchTube WatchKit App";
				SDKROOT = watchos;
				SKIP_INSTALL = YES;
				SWIFT_EMIT_LOC_STRINGS = YES;
				SWIFT_VERSION = 5.0;
				TARGETED_DEVICE_FAMILY = 4;
				WATCHOS_DEPLOYMENT_TARGET = 8.3;
			};
			name = Debug;
		};
		AA04859827C02BA900A02BAD /* Release */ = {
			isa = XCBuildConfiguration;
			buildSettings = {
				ALWAYS_EMBED_SWIFT_STANDARD_LIBRARIES = YES;
				ASSETCATALOG_COMPILER_APPICON_NAME = AppIcon;
				ASSETCATALOG_COMPILER_GLOBAL_ACCENT_COLOR_NAME = AccentColor;
				CODE_SIGN_STYLE = Automatic;
				CURRENT_PROJECT_VERSION = 1;
				GENERATE_INFOPLIST_FILE = YES;
				IBSC_MODULE = WatchTube_WatchKit_Extension;
				INFOPLIST_KEY_UISupportedInterfaceOrientations = "UIInterfaceOrientationPortrait UIInterfaceOrientationPortraitUpsideDown";
				INFOPLIST_KEY_WKCompanionAppBundleIdentifier = com.llsc12.WatchTube;
				MARKETING_VERSION = 1.0;
				PRODUCT_BUNDLE_IDENTIFIER = com.llsc12.WatchTube.watchkitapp;
				PRODUCT_NAME = "WatchTube WatchKit App";
				SDKROOT = watchos;
				SKIP_INSTALL = YES;
				SWIFT_EMIT_LOC_STRINGS = YES;
				SWIFT_VERSION = 5.0;
				TARGETED_DEVICE_FAMILY = 4;
				VALIDATE_PRODUCT = YES;
				WATCHOS_DEPLOYMENT_TARGET = 8.3;
			};
			name = Release;
		};
		AA26061227C0412800FAE672 /* Debug */ = {
			isa = XCBuildConfiguration;
			buildSettings = {
				ASSETCATALOG_COMPILER_APPICON_NAME = AppIcon;
				ASSETCATALOG_COMPILER_GLOBAL_ACCENT_COLOR_NAME = AccentColor;
				CODE_SIGN_STYLE = Automatic;
				CURRENT_PROJECT_VERSION = 1;
				DEVELOPMENT_ASSET_PATHS = "\"WatchTube/Preview Content\"";
				ENABLE_PREVIEWS = YES;
				GENERATE_INFOPLIST_FILE = YES;
				INFOPLIST_KEY_UIApplicationSceneManifest_Generation = YES;
				INFOPLIST_KEY_UIApplicationSupportsIndirectInputEvents = YES;
				INFOPLIST_KEY_UILaunchScreen_Generation = YES;
				INFOPLIST_KEY_UISupportedInterfaceOrientations_iPad = "UIInterfaceOrientationPortrait UIInterfaceOrientationPortraitUpsideDown UIInterfaceOrientationLandscapeLeft UIInterfaceOrientationLandscapeRight";
				INFOPLIST_KEY_UISupportedInterfaceOrientations_iPhone = "UIInterfaceOrientationPortrait UIInterfaceOrientationLandscapeLeft UIInterfaceOrientationLandscapeRight";
				IPHONEOS_DEPLOYMENT_TARGET = 15.2;
				LD_RUNPATH_SEARCH_PATHS = (
					"$(inherited)",
					"@executable_path/Frameworks",
				);
				MARKETING_VERSION = 1.0;
				PRODUCT_BUNDLE_IDENTIFIER = com.llsc12.WatchTube;
				PRODUCT_NAME = "$(TARGET_NAME)";
				SDKROOT = iphoneos;
				SWIFT_EMIT_LOC_STRINGS = YES;
				SWIFT_VERSION = 5.0;
				TARGETED_DEVICE_FAMILY = "1,2";
			};
			name = Debug;
		};
		AA26061327C0412800FAE672 /* Release */ = {
			isa = XCBuildConfiguration;
			buildSettings = {
				ASSETCATALOG_COMPILER_APPICON_NAME = AppIcon;
				ASSETCATALOG_COMPILER_GLOBAL_ACCENT_COLOR_NAME = AccentColor;
				CODE_SIGN_STYLE = Automatic;
				CURRENT_PROJECT_VERSION = 1;
				DEVELOPMENT_ASSET_PATHS = "\"WatchTube/Preview Content\"";
				ENABLE_PREVIEWS = YES;
				GENERATE_INFOPLIST_FILE = YES;
				INFOPLIST_KEY_UIApplicationSceneManifest_Generation = YES;
				INFOPLIST_KEY_UIApplicationSupportsIndirectInputEvents = YES;
				INFOPLIST_KEY_UILaunchScreen_Generation = YES;
				INFOPLIST_KEY_UISupportedInterfaceOrientations_iPad = "UIInterfaceOrientationPortrait UIInterfaceOrientationPortraitUpsideDown UIInterfaceOrientationLandscapeLeft UIInterfaceOrientationLandscapeRight";
				INFOPLIST_KEY_UISupportedInterfaceOrientations_iPhone = "UIInterfaceOrientationPortrait UIInterfaceOrientationLandscapeLeft UIInterfaceOrientationLandscapeRight";
				IPHONEOS_DEPLOYMENT_TARGET = 15.2;
				LD_RUNPATH_SEARCH_PATHS = (
					"$(inherited)",
					"@executable_path/Frameworks",
				);
				MARKETING_VERSION = 1.0;
				PRODUCT_BUNDLE_IDENTIFIER = com.llsc12.WatchTube;
				PRODUCT_NAME = "$(TARGET_NAME)";
				SDKROOT = iphoneos;
				SWIFT_EMIT_LOC_STRINGS = YES;
				SWIFT_VERSION = 5.0;
				TARGETED_DEVICE_FAMILY = "1,2";
				VALIDATE_PRODUCT = YES;
			};
			name = Release;
		};
/* End XCBuildConfiguration section */

/* Begin XCConfigurationList section */
		AA04855827C02BA100A02BAD /* Build configuration list for PBXProject "WatchTube" */ = {
			isa = XCConfigurationList;
			buildConfigurations = (
				AA04859027C02BA900A02BAD /* Debug */,
				AA04859127C02BA900A02BAD /* Release */,
			);
			defaultConfigurationIsVisible = 0;
			defaultConfigurationName = Release;
		};
		AA04859227C02BA900A02BAD /* Build configuration list for PBXNativeTarget "WatchTube WatchKit Extension" */ = {
			isa = XCConfigurationList;
			buildConfigurations = (
				AA04859327C02BA900A02BAD /* Debug */,
				AA04859427C02BA900A02BAD /* Release */,
			);
			defaultConfigurationIsVisible = 0;
			defaultConfigurationName = Release;
		};
		AA04859627C02BA900A02BAD /* Build configuration list for PBXNativeTarget "WatchTube WatchKit App" */ = {
			isa = XCConfigurationList;
			buildConfigurations = (
				AA04859727C02BA900A02BAD /* Debug */,
				AA04859827C02BA900A02BAD /* Release */,
			);
			defaultConfigurationIsVisible = 0;
			defaultConfigurationName = Release;
		};
		AA26061127C0412800FAE672 /* Build configuration list for PBXNativeTarget "WatchTube" */ = {
			isa = XCConfigurationList;
			buildConfigurations = (
				AA26061227C0412800FAE672 /* Debug */,
				AA26061327C0412800FAE672 /* Release */,
			);
			defaultConfigurationIsVisible = 0;
			defaultConfigurationName = Release;
		};
/* End XCConfigurationList section */

/* Begin XCRemoteSwiftPackageReference section */
		AA2605D927C03A9A00FAE672 /* XCRemoteSwiftPackageReference "SDWebImage" */ = {
			isa = XCRemoteSwiftPackageReference;
			repositoryURL = "https://github.com/SDWebImage/SDWebImage";
			requirement = {
				kind = upToNextMajorVersion;
				minimumVersion = 5.0.0;
			};
		};
		AA2605DC27C03AD900FAE672 /* XCRemoteSwiftPackageReference "Alamofire" */ = {
			isa = XCRemoteSwiftPackageReference;
			repositoryURL = "https://github.com/Alamofire/Alamofire";
			requirement = {
				kind = upToNextMinorVersion;
				minimumVersion = 5.4.4;
			};
		};
		AA7B3C0327C0396A00C7703B /* XCRemoteSwiftPackageReference "YouTubeKit" */ = {
			isa = XCRemoteSwiftPackageReference;
			repositoryURL = "http://github.com/alexeichhorn/YouTubeKit";
			requirement = {
				branch = main;
				kind = branch;
			};
		};
/* End XCRemoteSwiftPackageReference section */

/* Begin XCSwiftPackageProductDependency section */
		AA2605E027C03B1B00FAE672 /* YouTubeKit */ = {
			isa = XCSwiftPackageProductDependency;
			package = AA7B3C0327C0396A00C7703B /* XCRemoteSwiftPackageReference "YouTubeKit" */;
			productName = YouTubeKit;
		};
		AA2605E227C03B1B00FAE672 /* SDWebImage */ = {
			isa = XCSwiftPackageProductDependency;
			package = AA2605D927C03A9A00FAE672 /* XCRemoteSwiftPackageReference "SDWebImage" */;
			productName = SDWebImage;
		};
		AA2605E427C03B1B00FAE672 /* Alamofire */ = {
			isa = XCSwiftPackageProductDependency;
			package = AA2605DC27C03AD900FAE672 /* XCRemoteSwiftPackageReference "Alamofire" */;
			productName = Alamofire;
		};
/* End XCSwiftPackageProductDependency section */
	};
	rootObject = AA04855527C02BA100A02BAD /* Project object */;
}
